
Microsoft Visual Studio Solution File, Format Version 12.00
# Visual Studio Version 17
VisualStudioVersion = 17.5.33414.496
MinimumVisualStudioVersion = 10.0.40219.1
Project("{9A19103F-16F7-4668-BE54-9A1E7A4F7556}") = "TreeWikiApi", "TreeWikiApi\TreeWikiApi.csproj", "{50433686-F731-4C18-967B-0AD1F3CD4992}"
EndProject
Project("{9A19103F-16F7-4668-BE54-9A1E7A4F7556}") = "BLL", "BLL\BLL.csproj", "{09A44CF6-64A3-475A-81E2-9E6BA45F355C}"
EndProject
Project("{FAE04EC0-301F-11D3-BF4B-00C04F79EFBC}") = "DAL", "DAL\DAL.csproj", "{AC33688B-0673-4B19-97EB-D12FBDF06716}"
EndProject
Global
	GlobalSection(SolutionConfigurationPlatforms) = preSolution
		Debug|Any CPU = Debug|Any CPU
		Release|Any CPU = Release|Any CPU
	EndGlobalSection
	GlobalSection(ProjectConfigurationPlatforms) = postSolution
		{50433686-F731-4C18-967B-0AD1F3CD4992}.Debug|Any CPU.ActiveCfg = Debug|Any CPU
		{50433686-F731-4C18-967B-0AD1F3CD4992}.Debug|Any CPU.Build.0 = Debug|Any CPU
		{50433686-F731-4C18-967B-0AD1F3CD4992}.Release|Any CPU.ActiveCfg = Release|Any CPU
		{50433686-F731-4C18-967B-0AD1F3CD4992}.Release|Any CPU.Build.0 = Release|Any CPU
		{09A44CF6-64A3-475A-81E2-9E6BA45F355C}.Debug|Any CPU.ActiveCfg = Debug|Any CPU
		{09A44CF6-64A3-475A-81E2-9E6BA45F355C}.Debug|Any CPU.Build.0 = Debug|Any CPU
		{09A44CF6-64A3-475A-81E2-9E6BA45F355C}.Release|Any CPU.ActiveCfg = Release|Any CPU
		{09A44CF6-64A3-475A-81E2-9E6BA45F355C}.Release|Any CPU.Build.0 = Release|Any CPU
		{AC33688B-0673-4B19-97EB-D12FBDF06716}.Debug|Any CPU.ActiveCfg = Debug|Any CPU
		{AC33688B-0673-4B19-97EB-D12FBDF06716}.Debug|Any CPU.Build.0 = Debug|Any CPU
		{AC33688B-0673-4B19-97EB-D12FBDF06716}.Release|Any CPU.ActiveCfg = Release|Any CPU
		{AC33688B-0673-4B19-97EB-D12FBDF06716}.Release|Any CPU.Build.0 = Release|Any CPU
	EndGlobalSection
	GlobalSection(SolutionProperties) = preSolution
		HideSolutionNode = FALSE
	EndGlobalSection
	GlobalSection(ExtensibilityGlobals) = postSolution
		SolutionGuid = {299488B4-26E8-4EC8-AF24-39EDC37015F2}
	EndGlobalSection
EndGlobal
